
Microsoft Visual Studio Solution File, Format Version 12.00
# Visual Studio Version 16
VisualStudioVersion = 16.6.30114.105
MinimumVisualStudioVersion = 10.0.40219.1
Project("{FAE04EC0-301F-11D3-BF4B-00C04F79EFBC}") = "PbDb.Client", "PbDb.Client\PbDb.Client.csproj", "{768B6754-0B08-4DE8-A7A9-111F75B7922D}"
EndProject
Project("{FAE04EC0-301F-11D3-BF4B-00C04F79EFBC}") = "PbDb.Storing", "PbDb.Storing\PbDb.Storing.csproj", "{00FBB851-36CD-491B-9601-0BC81195B563}"
EndProject
Project("{FAE04EC0-301F-11D3-BF4B-00C04F79EFBC}") = "PbDb.Domain", "PbDb.Domain\PbDb.Domain.csproj", "{8FE5296D-E5E7-4B24-A258-AB8DA838A241}"
EndProject
Project("{FAE04EC0-301F-11D3-BF4B-00C04F79EFBC}") = "PbDb.Testing", "PbDb.Testing\PbDb.Testing.csproj", "{BC634AC0-BF5A-46A4-AE3C-F42A814BE6C1}"
EndProject
Global
	GlobalSection(SolutionConfigurationPlatforms) = preSolution
		Debug|Any CPU = Debug|Any CPU
		Debug|x64 = Debug|x64
		Debug|x86 = Debug|x86
		Release|Any CPU = Release|Any CPU
		Release|x64 = Release|x64
		Release|x86 = Release|x86
	EndGlobalSection
	GlobalSection(SolutionProperties) = preSolution
		HideSolutionNode = FALSE
	EndGlobalSection
	GlobalSection(ProjectConfigurationPlatforms) = postSolution
		{768B6754-0B08-4DE8-A7A9-111F75B7922D}.Debug|Any CPU.ActiveCfg = Debug|Any CPU
		{768B6754-0B08-4DE8-A7A9-111F75B7922D}.Debug|Any CPU.Build.0 = Debug|Any CPU
		{768B6754-0B08-4DE8-A7A9-111F75B7922D}.Debug|x64.ActiveCfg = Debug|Any CPU
		{768B6754-0B08-4DE8-A7A9-111F75B7922D}.Debug|x64.Build.0 = Debug|Any CPU
		{768B6754-0B08-4DE8-A7A9-111F75B7922D}.Debug|x86.ActiveCfg = Debug|Any CPU
		{768B6754-0B08-4DE8-A7A9-111F75B7922D}.Debug|x86.Build.0 = Debug|Any CPU
		{768B6754-0B08-4DE8-A7A9-111F75B7922D}.Release|Any CPU.ActiveCfg = Release|Any CPU
		{768B6754-0B08-4DE8-A7A9-111F75B7922D}.Release|Any CPU.Build.0 = Release|Any CPU
		{768B6754-0B08-4DE8-A7A9-111F75B7922D}.Release|x64.ActiveCfg = Release|Any CPU
		{768B6754-0B08-4DE8-A7A9-111F75B7922D}.Release|x64.Build.0 = Release|Any CPU
		{768B6754-0B08-4DE8-A7A9-111F75B7922D}.Release|x86.ActiveCfg = Release|Any CPU
		{768B6754-0B08-4DE8-A7A9-111F75B7922D}.Release|x86.Build.0 = Release|Any CPU
		{00FBB851-36CD-491B-9601-0BC81195B563}.Debug|Any CPU.ActiveCfg = Debug|Any CPU
		{00FBB851-36CD-491B-9601-0BC81195B563}.Debug|Any CPU.Build.0 = Debug|Any CPU
		{00FBB851-36CD-491B-9601-0BC81195B563}.Debug|x64.ActiveCfg = Debug|Any CPU
		{00FBB851-36CD-491B-9601-0BC81195B563}.Debug|x64.Build.0 = Debug|Any CPU
		{00FBB851-36CD-491B-9601-0BC81195B563}.Debug|x86.ActiveCfg = Debug|Any CPU
		{00FBB851-36CD-491B-9601-0BC81195B563}.Debug|x86.Build.0 = Debug|Any CPU
		{00FBB851-36CD-491B-9601-0BC81195B563}.Release|Any CPU.ActiveCfg = Release|Any CPU
		{00FBB851-36CD-491B-9601-0BC81195B563}.Release|Any CPU.Build.0 = Release|Any CPU
		{00FBB851-36CD-491B-9601-0BC81195B563}.Release|x64.ActiveCfg = Release|Any CPU
		{00FBB851-36CD-491B-9601-0BC81195B563}.Release|x64.Build.0 = Release|Any CPU
		{00FBB851-36CD-491B-9601-0BC81195B563}.Release|x86.ActiveCfg = Release|Any CPU
		{00FBB851-36CD-491B-9601-0BC81195B563}.Release|x86.Build.0 = Release|Any CPU
		{8FE5296D-E5E7-4B24-A258-AB8DA838A241}.Debug|Any CPU.ActiveCfg = Debug|Any CPU
		{8FE5296D-E5E7-4B24-A258-AB8DA838A241}.Debug|Any CPU.Build.0 = Debug|Any CPU
		{8FE5296D-E5E7-4B24-A258-AB8DA838A241}.Debug|x64.ActiveCfg = Debug|Any CPU
		{8FE5296D-E5E7-4B24-A258-AB8DA838A241}.Debug|x64.Build.0 = Debug|Any CPU
		{8FE5296D-E5E7-4B24-A258-AB8DA838A241}.Debug|x86.ActiveCfg = Debug|Any CPU
		{8FE5296D-E5E7-4B24-A258-AB8DA838A241}.Debug|x86.Build.0 = Debug|Any CPU
		{8FE5296D-E5E7-4B24-A258-AB8DA838A241}.Release|Any CPU.ActiveCfg = Release|Any CPU
		{8FE5296D-E5E7-4B24-A258-AB8DA838A241}.Release|Any CPU.Build.0 = Release|Any CPU
		{8FE5296D-E5E7-4B24-A258-AB8DA838A241}.Release|x64.ActiveCfg = Release|Any CPU
		{8FE5296D-E5E7-4B24-A258-AB8DA838A241}.Release|x64.Build.0 = Release|Any CPU
		{8FE5296D-E5E7-4B24-A258-AB8DA838A241}.Release|x86.ActiveCfg = Release|Any CPU
		{8FE5296D-E5E7-4B24-A258-AB8DA838A241}.Release|x86.Build.0 = Release|Any CPU
		{BC634AC0-BF5A-46A4-AE3C-F42A814BE6C1}.Debug|Any CPU.ActiveCfg = Debug|Any CPU
		{BC634AC0-BF5A-46A4-AE3C-F42A814BE6C1}.Debug|Any CPU.Build.0 = Debug|Any CPU
		{BC634AC0-BF5A-46A4-AE3C-F42A814BE6C1}.Debug|x64.ActiveCfg = Debug|Any CPU
		{BC634AC0-BF5A-46A4-AE3C-F42A814BE6C1}.Debug|x64.Build.0 = Debug|Any CPU
		{BC634AC0-BF5A-46A4-AE3C-F42A814BE6C1}.Debug|x86.ActiveCfg = Debug|Any CPU
		{BC634AC0-BF5A-46A4-AE3C-F42A814BE6C1}.Debug|x86.Build.0 = Debug|Any CPU
		{BC634AC0-BF5A-46A4-AE3C-F42A814BE6C1}.Release|Any CPU.ActiveCfg = Release|Any CPU
		{BC634AC0-BF5A-46A4-AE3C-F42A814BE6C1}.Release|Any CPU.Build.0 = Release|Any CPU
		{BC634AC0-BF5A-46A4-AE3C-F42A814BE6C1}.Release|x64.ActiveCfg = Release|Any CPU
		{BC634AC0-BF5A-46A4-AE3C-F42A814BE6C1}.Release|x64.Build.0 = Release|Any CPU
		{BC634AC0-BF5A-46A4-AE3C-F42A814BE6C1}.Release|x86.ActiveCfg = Release|Any CPU
		{BC634AC0-BF5A-46A4-AE3C-F42A814BE6C1}.Release|x86.Build.0 = Release|Any CPU
	EndGlobalSection
EndGlobal
